
Microsoft Visual Studio Solution File, Format Version 12.00
# Visual Studio Version 17
VisualStudioVersion = 17.14.36603.0
MinimumVisualStudioVersion = 10.0.40219.1
Project("{FAE04EC0-301F-11D3-BF4B-00C04F79EFBC}") = "Aufgabe2 Bücherverwaltung", "Aufgabe2 Bücherverwaltung\Aufgabe2 Bücherverwaltung.csproj", "{F6CA04BC-9155-4283-ADCF-A7E7C15C50C5}"
EndProject
Project("{FAE04EC0-301F-11D3-BF4B-00C04F79EFBC}") = "Aufgabe5 Linked List", "Aufgabe5 Linked List\Aufgabe5 Linked List.csproj", "{D279498C-3344-4A4F-839E-2F2A66E7E27F}"
EndProject
Project("{FAE04EC0-301F-11D3-BF4B-00C04F79EFBC}") = "Aufgabe6 Koffer", "Aufgabe6 Koffer\Aufgabe6 Koffer.csproj", "{E3259BCF-5818-41F2-A627-56F8C5F66A7E}"
EndProject
Project("{FAE04EC0-301F-11D3-BF4B-00C04F79EFBC}") = "Aufgabe7 Zwischenablage", "Aufgabe7 Zwischenablage\Aufgabe7 Zwischenablage.csproj", "{BB708BD7-93EE-4D52-BC2E-8E5BBEDC3284}"
EndProject
Project("{FAE04EC0-301F-11D3-BF4B-00C04F79EFBC}") = "Aufgabe8 Druckerwarteschlange", "Aufgabe8 Druckerwarteschlange\Aufgabe8 Druckerwarteschlange.csproj", "{B3CBE05E-747D-4595-9A49-CA33DCC61F8D}"
EndProject
Global
	GlobalSection(SolutionConfigurationPlatforms) = preSolution
		Debug|Any CPU = Debug|Any CPU
		Release|Any CPU = Release|Any CPU
	EndGlobalSection
	GlobalSection(ProjectConfigurationPlatforms) = postSolution
		{F6CA04BC-9155-4283-ADCF-A7E7C15C50C5}.Debug|Any CPU.ActiveCfg = Debug|Any CPU
		{F6CA04BC-9155-4283-ADCF-A7E7C15C50C5}.Debug|Any CPU.Build.0 = Debug|Any CPU
		{F6CA04BC-9155-4283-ADCF-A7E7C15C50C5}.Release|Any CPU.ActiveCfg = Release|Any CPU
		{F6CA04BC-9155-4283-ADCF-A7E7C15C50C5}.Release|Any CPU.Build.0 = Release|Any CPU
		{D279498C-3344-4A4F-839E-2F2A66E7E27F}.Debug|Any CPU.ActiveCfg = Debug|Any CPU
		{D279498C-3344-4A4F-839E-2F2A66E7E27F}.Debug|Any CPU.Build.0 = Debug|Any CPU
		{D279498C-3344-4A4F-839E-2F2A66E7E27F}.Release|Any CPU.ActiveCfg = Release|Any CPU
		{D279498C-3344-4A4F-839E-2F2A66E7E27F}.Release|Any CPU.Build.0 = Release|Any CPU
		{E3259BCF-5818-41F2-A627-56F8C5F66A7E}.Debug|Any CPU.ActiveCfg = Debug|Any CPU
		{E3259BCF-5818-41F2-A627-56F8C5F66A7E}.Debug|Any CPU.Build.0 = Debug|Any CPU
		{E3259BCF-5818-41F2-A627-56F8C5F66A7E}.Release|Any CPU.ActiveCfg = Release|Any CPU
		{E3259BCF-5818-41F2-A627-56F8C5F66A7E}.Release|Any CPU.Build.0 = Release|Any CPU
		{BB708BD7-93EE-4D52-BC2E-8E5BBEDC3284}.Debug|Any CPU.ActiveCfg = Debug|Any CPU
		{BB708BD7-93EE-4D52-BC2E-8E5BBEDC3284}.Debug|Any CPU.Build.0 = Debug|Any CPU
		{BB708BD7-93EE-4D52-BC2E-8E5BBEDC3284}.Release|Any CPU.ActiveCfg = Release|Any CPU
		{BB708BD7-93EE-4D52-BC2E-8E5BBEDC3284}.Release|Any CPU.Build.0 = Release|Any CPU
		{B3CBE05E-747D-4595-9A49-CA33DCC61F8D}.Debug|Any CPU.ActiveCfg = Debug|Any CPU
		{B3CBE05E-747D-4595-9A49-CA33DCC61F8D}.Debug|Any CPU.Build.0 = Debug|Any CPU
		{B3CBE05E-747D-4595-9A49-CA33DCC61F8D}.Release|Any CPU.ActiveCfg = Release|Any CPU
		{B3CBE05E-747D-4595-9A49-CA33DCC61F8D}.Release|Any CPU.Build.0 = Release|Any CPU
	EndGlobalSection
	GlobalSection(SolutionProperties) = preSolution
		HideSolutionNode = FALSE
	EndGlobalSection
	GlobalSection(ExtensibilityGlobals) = postSolution
		SolutionGuid = {6EE8B61B-DAB4-4F08-B12C-B0087EFAB664}
	EndGlobalSection
EndGlobal
